
Microsoft Visual Studio Solution File, Format Version 12.00
# Visual Studio Version 16
VisualStudioVersion = 16.0.31005.135
MinimumVisualStudioVersion = 10.0.40219.1
Project("{FAE04EC0-301F-11D3-BF4B-00C04F79EFBC}") = "какулятор2", "какулятор\какулятор2.csproj", "{A4DBD308-423F-4445-A79B-16CBFB6B232E}"
EndProject
Project("{FAE04EC0-301F-11D3-BF4B-00C04F79EFBC}") = "testes", "testes\testes.csproj", "{67602867-BED9-4463-8235-094DA4C8B5B9}"
EndProject
Global
	GlobalSection(SolutionConfigurationPlatforms) = preSolution
		Debug|Any CPU = Debug|Any CPU
		Release|Any CPU = Release|Any CPU
	EndGlobalSection
	GlobalSection(ProjectConfigurationPlatforms) = postSolution
		{A4DBD308-423F-4445-A79B-16CBFB6B232E}.Debug|Any CPU.ActiveCfg = Debug|Any CPU
		{A4DBD308-423F-4445-A79B-16CBFB6B232E}.Debug|Any CPU.Build.0 = Debug|Any CPU
		{A4DBD308-423F-4445-A79B-16CBFB6B232E}.Release|Any CPU.ActiveCfg = Release|Any CPU
		{A4DBD308-423F-4445-A79B-16CBFB6B232E}.Release|Any CPU.Build.0 = Release|Any CPU
		{67602867-BED9-4463-8235-094DA4C8B5B9}.Debug|Any CPU.ActiveCfg = Debug|Any CPU
		{67602867-BED9-4463-8235-094DA4C8B5B9}.Debug|Any CPU.Build.0 = Debug|Any CPU
		{67602867-BED9-4463-8235-094DA4C8B5B9}.Release|Any CPU.ActiveCfg = Release|Any CPU
		{67602867-BED9-4463-8235-094DA4C8B5B9}.Release|Any CPU.Build.0 = Release|Any CPU
	EndGlobalSection
	GlobalSection(SolutionProperties) = preSolution
		HideSolutionNode = FALSE
	EndGlobalSection
	GlobalSection(ExtensibilityGlobals) = postSolution
		SolutionGuid = {CEEFD155-FA80-495F-A466-1F6A40BDEA97}
	EndGlobalSection
EndGlobal
